{
  "lockfileVersion": 1,
  "workspaces": {
    "": {
      "name": "bz-fe-packages",
    },
    "packages/sentry": {
      "name": "@bz/sentry",
      "version": "0.1.0-next.1",
      "dependencies": {
        "@sentry/browser": "^7.14.0",
        "@sentry/node": "^7.14.0",
        "@sentry/solid": "^10.22.0",
        "@sentry/tracing": "^7.14.0",
      },
      "devDependencies": {
        "typescript": "^5.1.0",
      },
    },
    "packages/sportIcons": {
      "name": "@bz/sport-icons",
      "version": "0.1.0-next.1",
      "devDependencies": {
        "solid-js": "^1.9.5",
        "typescript": "^5.1.0",
      },
      "peerDependencies": {
        "solid-js": "^1.9.0",
      },
    },
    "packages/system-assets": {
      "name": "@bz/system-assets",
      "version": "0.1.0-next.1",
      "devDependencies": {
        "solid-js": "^1.9.5",
        "typescript": "^5.1.0",
      },
      "peerDependencies": {
        "solid-js": "^1.9.0",
      },
    },
    "packages/tracker": {
      "name": "@bz/tracker",
      "version": "0.1.0-next.1",
      "dependencies": {
        "sa-sdk-javascript": "1.27.11",
      },
      "devDependencies": {
        "typescript": "^5.1.0",
      },
    },
  },
  "packages": {
    "@bz/sentry": ["@bz/sentry@workspace:packages/sentry"],

    "@bz/sport-icons": ["@bz/sport-icons@workspace:packages/sportIcons"],

    "@bz/system-assets": ["@bz/system-assets@workspace:packages/system-assets"],

    "@bz/tracker": ["@bz/tracker@workspace:packages/tracker"],

    "@sentry-internal/feedback": ["@sentry-internal/feedback@7.120.4", "https://registry.npmmirror.com/@sentry-internal/feedback/-/feedback-7.120.4.tgz", { "dependencies": { "@sentry/core": "7.120.4", "@sentry/types": "7.120.4", "@sentry/utils": "7.120.4" } }, "sha512-eSwgvTdrh03zYYaI6UVOjI9p4VmKg6+c2+CBQfRZX++6wwnCVsNv7XF7WUIpVGBAkJ0N2oapjQmCzJKGKBRWQg=="],

    "@sentry-internal/replay-canvas": ["@sentry-internal/replay-canvas@7.120.4", "https://registry.npmmirror.com/@sentry-internal/replay-canvas/-/replay-canvas-7.120.4.tgz", { "dependencies": { "@sentry/core": "7.120.4", "@sentry/replay": "7.120.4", "@sentry/types": "7.120.4", "@sentry/utils": "7.120.4" } }, "sha512-2+W4CgUL1VzrPjArbTid4WhKh7HH21vREVilZdvffQPVwOEpgNTPAb69loQuTlhJVveh9hWTj2nE5UXLbLP+AA=="],

    "@sentry-internal/tracing": ["@sentry-internal/tracing@7.120.4", "https://registry.npmmirror.com/@sentry-internal/tracing/-/tracing-7.120.4.tgz", { "dependencies": { "@sentry/core": "7.120.4", "@sentry/types": "7.120.4", "@sentry/utils": "7.120.4" } }, "sha512-Fz5+4XCg3akeoFK+K7g+d7HqGMjmnLoY2eJlpONJmaeT9pXY7yfUyXKZMmMajdE2LxxKJgQ2YKvSCaGVamTjHw=="],

    "@sentry/browser": ["@sentry/browser@7.120.4", "https://registry.npmmirror.com/@sentry/browser/-/browser-7.120.4.tgz", { "dependencies": { "@sentry-internal/feedback": "7.120.4", "@sentry-internal/replay-canvas": "7.120.4", "@sentry-internal/tracing": "7.120.4", "@sentry/core": "7.120.4", "@sentry/integrations": "7.120.4", "@sentry/replay": "7.120.4", "@sentry/types": "7.120.4", "@sentry/utils": "7.120.4" } }, "sha512-ymlNtIPG6HAKzM/JXpWVGCzCNufZNADfy+O/olZuVJW5Be1DtOFyRnBvz0LeKbmxJbXb2lX/XMhuen6PXPdoQw=="],

    "@sentry/browser-utils": ["@sentry/browser-utils@10.65.0", "https://registry.npmmirror.com/@sentry/browser-utils/-/browser-utils-10.65.0.tgz", { "dependencies": { "@sentry/conventions": "^0.15.1", "@sentry/core": "10.65.0" } }, "sha512-4J0mkfNJAGUOkpg1ZggizyftFTn9N20b+Jl87UnWsDUkNG0Ic1l/FIzMPTVxXrAnhBGu0ULO0TFWMoQ5s3QtZw=="],

    "@sentry/conventions": ["@sentry/conventions@0.15.1", "https://registry.npmmirror.com/@sentry/conventions/-/conventions-0.15.1.tgz", {}, "sha512-ZLP8bRdMON3prWE2tJyImuYscCxdcJeIPIhrOs/rgyFm3C1nCh1B6gdvPj3AZ5zW08oSFFCsq7T+tYEW3h8MNA=="],

    "@sentry/core": ["@sentry/core@7.120.4", "https://registry.npmmirror.com/@sentry/core/-/core-7.120.4.tgz", { "dependencies": { "@sentry/types": "7.120.4", "@sentry/utils": "7.120.4" } }, "sha512-TXu3Q5kKiq8db9OXGkWyXUbIxMMuttB5vJ031yolOl5T/B69JRyAoKuojLBjRv1XX583gS1rSSoX8YXX7ATFGA=="],

    "@sentry/feedback": ["@sentry/feedback@10.65.0", "https://registry.npmmirror.com/@sentry/feedback/-/feedback-10.65.0.tgz", { "dependencies": { "@sentry/core": "10.65.0" } }, "sha512-ck8h7wgd3F3bYNk0v1OgohmyLBeXcKxqlfBJRtQq4k6KZUq+pXimOG7ckNguVMYjCo3PEfuG+ckKc21yqotKug=="],

    "@sentry/integrations": ["@sentry/integrations@7.120.4", "https://registry.npmmirror.com/@sentry/integrations/-/integrations-7.120.4.tgz", { "dependencies": { "@sentry/core": "7.120.4", "@sentry/types": "7.120.4", "@sentry/utils": "7.120.4", "localforage": "^1.8.1" } }, "sha512-kkBTLk053XlhDCg7OkBQTIMF4puqFibeRO3E3YiVc4PGLnocXMaVpOSCkMqAc1k1kZ09UgGi8DxfQhnFEjUkpA=="],

    "@sentry/node": ["@sentry/node@7.120.4", "https://registry.npmmirror.com/@sentry/node/-/node-7.120.4.tgz", { "dependencies": { "@sentry-internal/tracing": "7.120.4", "@sentry/core": "7.120.4", "@sentry/integrations": "7.120.4", "@sentry/types": "7.120.4", "@sentry/utils": "7.120.4" } }, "sha512-qq3wZAXXj2SRWhqErnGCSJKUhPSlZ+RGnCZjhfjHpP49KNpcd9YdPTIUsFMgeyjdh6Ew6aVCv23g1hTP0CHpYw=="],

    "@sentry/replay": ["@sentry/replay@7.120.4", "https://registry.npmmirror.com/@sentry/replay/-/replay-7.120.4.tgz", { "dependencies": { "@sentry-internal/tracing": "7.120.4", "@sentry/core": "7.120.4", "@sentry/types": "7.120.4", "@sentry/utils": "7.120.4" } }, "sha512-FW8sPenNFfnO/K7sncsSTX4rIVak9j7VUiLIagJrcqZIC7d1dInFNjy8CdVJUlyz3Y3TOgIl3L3+ZpjfyMnaZg=="],

    "@sentry/replay-canvas": ["@sentry/replay-canvas@10.65.0", "https://registry.npmmirror.com/@sentry/replay-canvas/-/replay-canvas-10.65.0.tgz", { "dependencies": { "@sentry/core": "10.65.0", "@sentry/replay": "10.65.0" } }, "sha512-A7X3RVk1Gk+knK8Ip/2EjejckNCLgCfRZo6eGlsy6qyz904KBpYmys1a0o7QkzFRjhIndjHAfcVxwt6jSLJlrQ=="],

    "@sentry/solid": ["@sentry/solid@10.65.0", "https://registry.npmmirror.com/@sentry/solid/-/solid-10.65.0.tgz", { "dependencies": { "@sentry/browser": "10.65.0", "@sentry/conventions": "^0.15.1", "@sentry/core": "10.65.0" }, "peerDependencies": { "@solidjs/router": "^0.13.4 || ^0.14.0 || ^0.15.0", "@tanstack/solid-router": "^1.132.27", "solid-js": "^1.8.4" }, "optionalPeers": ["@solidjs/router", "@tanstack/solid-router"] }, "sha512-2KREhbXzWYXbc+wAZo4X+ihw6IknnqqIe5dVO55/7XBtLuocjAiuvpzyLH/SjRBrlC8/Fn7z2BSt0kvpXhLvyw=="],

    "@sentry/tracing": ["@sentry/tracing@7.120.4", "https://registry.npmmirror.com/@sentry/tracing/-/tracing-7.120.4.tgz", { "dependencies": { "@sentry-internal/tracing": "7.120.4" } }, "sha512-cAtpLh23qW3hoqZJ6c36EvFki5NhFWUSK71ALHefqDXEocMlfDc9I+IGn3B/ola2D2TDEDamCy3x32vctKqOag=="],

    "@sentry/types": ["@sentry/types@7.120.4", "https://registry.npmmirror.com/@sentry/types/-/types-7.120.4.tgz", {}, "sha512-cUq2hSSe6/qrU6oZsEP4InMI5VVdD86aypE+ENrQ6eZEVLTCYm1w6XhW1NvIu3UuWh7gZec4a9J7AFpYxki88Q=="],

    "@sentry/utils": ["@sentry/utils@7.120.4", "https://registry.npmmirror.com/@sentry/utils/-/utils-7.120.4.tgz", { "dependencies": { "@sentry/types": "7.120.4" } }, "sha512-zCKpyDIWKHwtervNK2ZlaK8mMV7gVUijAgFeJStH+CU/imcdquizV3pFLlSQYRswG+Lbyd6CT/LGRh3IbtkCFw=="],

    "csstype": ["csstype@3.2.3", "https://registry.npmmirror.com/csstype/-/csstype-3.2.3.tgz", {}, "sha512-z1HGKcYy2xA8AGQfwrn0PAy+PB7X/GSj3UVJW9qKyn43xWa+gl5nXmU4qqLMRzWVLFC8KusUX8T/0kCiOYpAIQ=="],

    "immediate": ["immediate@3.0.6", "https://registry.npmmirror.com/immediate/-/immediate-3.0.6.tgz", {}, "sha512-XXOFtyqDjNDAQxVfYxuF7g9Il/IbWmmlQg2MYKOH8ExIT1qg6xc4zyS3HaEEATgs1btfzxq15ciUiY7gjSXRGQ=="],

    "lie": ["lie@3.1.1", "https://registry.npmmirror.com/lie/-/lie-3.1.1.tgz", { "dependencies": { "immediate": "~3.0.5" } }, "sha512-RiNhHysUjhrDQntfYSfY4MU24coXXdEOgw9WGcKHNeEwffDYbF//u87M1EWaMGzuFoSbqW0C9C6lEEhDOAswfw=="],

    "localforage": ["localforage@1.10.0", "https://registry.npmmirror.com/localforage/-/localforage-1.10.0.tgz", { "dependencies": { "lie": "3.1.1" } }, "sha512-14/H1aX7hzBBmmh7sGPd+AOMkkIrHM3Z1PAyGgZigA1H1p5O5ANnMyWzvpAETtG68/dC4pC0ncy3+PPGzXZHPg=="],

    "sa-sdk-javascript": ["sa-sdk-javascript@1.27.11", "https://registry.npmmirror.com/sa-sdk-javascript/-/sa-sdk-javascript-1.27.11.tgz", {}, "sha512-HSQtUA34znKwAg/b2MXF3+l7DTH4ZcczpJFusjdhvQ1ZnBL41qbFcdpLvoThJdMoOJqIqiu0yGmPps68YfZlcQ=="],

    "seroval": ["seroval@1.5.5", "https://registry.npmmirror.com/seroval/-/seroval-1.5.5.tgz", {}, "sha512-bSjOuPcwPKLSJNhr9+bZxA20nQxVle5J5MNsYRVE6cIg7KpRLXGupymePavu0jrxlPiPsr4xGZSB8yUY2sH2sw=="],

    "seroval-plugins": ["seroval-plugins@1.5.5", "https://registry.npmmirror.com/seroval-plugins/-/seroval-plugins-1.5.5.tgz", { "peerDependencies": { "seroval": "^1.0" } }, "sha512-+BDhqYM6CEn3x09v44dpa9p6974FuUB2dxk+Ctn04k0cO1Zt6QODTXfmEZK0eBaTe/fJBvP4NMGuNJ+R8T+QMg=="],

    "solid-js": ["solid-js@1.9.14", "https://registry.npmmirror.com/solid-js/-/solid-js-1.9.14.tgz", { "dependencies": { "csstype": "^3.1.0", "seroval": "~1.5.4", "seroval-plugins": "~1.5.4" } }, "sha512-sAEXC0Kk0S1EDg+8ysEWJDbYhA3RRoEjwuySUGlKIemeo0I5YZfOyumNjNs9Sv3y2nmhD+0rW66ag2HsMuQiGQ=="],

    "typescript": ["typescript@5.9.3", "https://registry.npmmirror.com/typescript/-/typescript-5.9.3.tgz", { "bin": { "tsc": "bin/tsc", "tsserver": "bin/tsserver" } }, "sha512-jl1vZzPDinLr9eUt3J/t7V6FgNEw9QjvBPdysz9KfQDD41fQrC2Y4vKQdiaUpFT4bXlb1RHhLpp8wtm6M5TgSw=="],

    "@sentry/browser-utils/@sentry/core": ["@sentry/core@10.65.0", "https://registry.npmmirror.com/@sentry/core/-/core-10.65.0.tgz", { "dependencies": { "@sentry/conventions": "^0.15.1" } }, "sha512-3aqtmM5NgNGo45BNaaBzi0LPQZAw//NEL4HKS5fXm12pJMa4KEkze8DEKnkTEIrGnWaOJKamecHKlnNg/Mqf/Q=="],

    "@sentry/feedback/@sentry/core": ["@sentry/core@10.65.0", "https://registry.npmmirror.com/@sentry/core/-/core-10.65.0.tgz", { "dependencies": { "@sentry/conventions": "^0.15.1" } }, "sha512-3aqtmM5NgNGo45BNaaBzi0LPQZAw//NEL4HKS5fXm12pJMa4KEkze8DEKnkTEIrGnWaOJKamecHKlnNg/Mqf/Q=="],

    "@sentry/replay-canvas/@sentry/core": ["@sentry/core@10.65.0", "https://registry.npmmirror.com/@sentry/core/-/core-10.65.0.tgz", { "dependencies": { "@sentry/conventions": "^0.15.1" } }, "sha512-3aqtmM5NgNGo45BNaaBzi0LPQZAw//NEL4HKS5fXm12pJMa4KEkze8DEKnkTEIrGnWaOJKamecHKlnNg/Mqf/Q=="],

    "@sentry/replay-canvas/@sentry/replay": ["@sentry/replay@10.65.0", "https://registry.npmmirror.com/@sentry/replay/-/replay-10.65.0.tgz", { "dependencies": { "@sentry/browser-utils": "10.65.0", "@sentry/core": "10.65.0" } }, "sha512-aW988CcQBNArbOMzOFOziipHz6uQyXSa4i5CPWsu+nhVPTJHafosi5Lv9n6NM/icDX5e23VdnX6mZd8SyJuo8A=="],

    "@sentry/solid/@sentry/browser": ["@sentry/browser@10.65.0", "https://registry.npmmirror.com/@sentry/browser/-/browser-10.65.0.tgz", { "dependencies": { "@sentry/browser-utils": "10.65.0", "@sentry/conventions": "^0.15.1", "@sentry/core": "10.65.0", "@sentry/feedback": "10.65.0", "@sentry/replay": "10.65.0", "@sentry/replay-canvas": "10.65.0" } }, "sha512-XUDDsx0qxzeIlcOu1fDEqTcDl0eiOqghsgV+ReuuNP4jYjZ9kUQxE3rXWM5mlT1pBi4VaQ4FHqvQZZrRXy+oDw=="],

    "@sentry/solid/@sentry/core": ["@sentry/core@10.65.0", "https://registry.npmmirror.com/@sentry/core/-/core-10.65.0.tgz", { "dependencies": { "@sentry/conventions": "^0.15.1" } }, "sha512-3aqtmM5NgNGo45BNaaBzi0LPQZAw//NEL4HKS5fXm12pJMa4KEkze8DEKnkTEIrGnWaOJKamecHKlnNg/Mqf/Q=="],

    "@sentry/solid/@sentry/browser/@sentry/replay": ["@sentry/replay@10.65.0", "https://registry.npmmirror.com/@sentry/replay/-/replay-10.65.0.tgz", { "dependencies": { "@sentry/browser-utils": "10.65.0", "@sentry/core": "10.65.0" } }, "sha512-aW988CcQBNArbOMzOFOziipHz6uQyXSa4i5CPWsu+nhVPTJHafosi5Lv9n6NM/icDX5e23VdnX6mZd8SyJuo8A=="],
  }
}
